
Microsoft Visual Studio Solution File, Format Version 12.00
# Visual Studio Version 17
VisualStudioVersion = 17.0.31903.59
MinimumVisualStudioVersion = 10.0.40219.1
Project("{2150E333-8FDC-42A3-9474-1A3956D46DE8}") = "01 - Presentation", "01 - Presentation", "{D809F05A-3D7D-436B-9685-DE6B246B8F37}"
EndProject
Project("{2150E333-8FDC-42A3-9474-1A3956D46DE8}") = "02 - Domain", "02 - Domain", "{858A7639-06C4-47BB-ADF1-2D85AEB9BD7C}"
EndProject
Project("{2150E333-8FDC-42A3-9474-1A3956D46DE8}") = "03 - Infra", "03 - Infra", "{FEEBB97F-392A-44E4-8237-B7F07298C0AC}"
	ProjectSection(SolutionItems) = preProject
		src\Tither.Domain\RequestHandlers\SaveNewMemberRequestHandler.cs = src\Tither.Domain\RequestHandlers\SaveNewMemberRequestHandler.cs
	EndProjectSection
EndProject
Project("{2150E333-8FDC-42A3-9474-1A3956D46DE8}") = "03.02 - Data", "03.02 - Data", "{A1976669-35D6-4C95-8357-87B33365C246}"
EndProject
Project("{2150E333-8FDC-42A3-9474-1A3956D46DE8}") = "04 - CrossCutting", "04 - CrossCutting", "{B91B9280-291B-45D1-8BB1-8EA9E1DD3435}"
EndProject
Project("{2150E333-8FDC-42A3-9474-1A3956D46DE8}") = "05 - Services", "05 - Services", "{5C0692CB-1784-414A-94BE-9090B3617210}"
EndProject
Project("{2150E333-8FDC-42A3-9474-1A3956D46DE8}") = "05.01 - TitherEmailer", "05.01 - TitherEmailer", "{DD726FC7-68D9-435E-A57B-18243591C41F}"
EndProject
Project("{2150E333-8FDC-42A3-9474-1A3956D46DE8}") = "99 -Tests", "99 -Tests", "{66779AFA-D222-413D-A0A1-3F2A9877A09D}"
EndProject
Project("{9A19103F-16F7-4668-BE54-9A1E7A4F7556}") = "Tither.Domain.UnitTests", "Tests\Tither.Domain.UnitTests\Tither.Domain.UnitTests.csproj", "{5A15927F-A885-47D7-950F-33CA23DED3A3}"
EndProject
Project("{9A19103F-16F7-4668-BE54-9A1E7A4F7556}") = "Tither.Services.TitherEmailer", "src\Tither.Service.TitherEmailer\Tither.Services.TitherEmailer.csproj", "{89C9157F-B6DD-423C-A56E-51F48CF70B03}"
EndProject
Project("{9A19103F-16F7-4668-BE54-9A1E7A4F7556}") = "Tither.Ioc", "src\Tither.Ioc\Tither.Ioc.csproj", "{6B948F59-7F3F-4712-AE4D-F0A4B82C79F3}"
EndProject
Project("{9A19103F-16F7-4668-BE54-9A1E7A4F7556}") = "Tither.Shared", "src\Tither.Shared\Tither.Shared.csproj", "{AED0894E-64AC-4ED0-B7CD-F2D560A0F608}"
EndProject
Project("{9A19103F-16F7-4668-BE54-9A1E7A4F7556}") = "Tither.Data", "src\Tither.Data\Tither.Data.csproj", "{C0A38AEC-E4BF-4586-968A-321EA06EA4E2}"
EndProject
Project("{9A19103F-16F7-4668-BE54-9A1E7A4F7556}") = "Tither.Domain", "src\Tither.Domain\Tither.Domain.csproj", "{1E4989F1-AE0E-452D-9373-7F1FC919F8AC}"
EndProject
Project("{9A19103F-16F7-4668-BE54-9A1E7A4F7556}") = "Tither.Api", "src\Tither.Api\Tither.Api.csproj", "{4542BE99-FF1B-47A8-BD0D-67E2F92306A0}"
EndProject
Project("{9A19103F-16F7-4668-BE54-9A1E7A4F7556}") = "Tither.Shared.UnitTests", "Tests\Tither.Shared.UnitTests\Tither.Shared.UnitTests.csproj", "{3537A813-1DA1-4C7D-B64F-A6B075DF1999}"
EndProject
Global
	GlobalSection(SolutionConfigurationPlatforms) = preSolution
		Debug|Any CPU = Debug|Any CPU
		Release|Any CPU = Release|Any CPU
	EndGlobalSection
	GlobalSection(ProjectConfigurationPlatforms) = postSolution
		{5A15927F-A885-47D7-950F-33CA23DED3A3}.Debug|Any CPU.ActiveCfg = Debug|Any CPU
		{5A15927F-A885-47D7-950F-33CA23DED3A3}.Debug|Any CPU.Build.0 = Debug|Any CPU
		{5A15927F-A885-47D7-950F-33CA23DED3A3}.Release|Any CPU.ActiveCfg = Release|Any CPU
		{5A15927F-A885-47D7-950F-33CA23DED3A3}.Release|Any CPU.Build.0 = Release|Any CPU
		{89C9157F-B6DD-423C-A56E-51F48CF70B03}.Debug|Any CPU.ActiveCfg = Debug|Any CPU
		{89C9157F-B6DD-423C-A56E-51F48CF70B03}.Debug|Any CPU.Build.0 = Debug|Any CPU
		{89C9157F-B6DD-423C-A56E-51F48CF70B03}.Release|Any CPU.ActiveCfg = Release|Any CPU
		{89C9157F-B6DD-423C-A56E-51F48CF70B03}.Release|Any CPU.Build.0 = Release|Any CPU
		{6B948F59-7F3F-4712-AE4D-F0A4B82C79F3}.Debug|Any CPU.ActiveCfg = Debug|Any CPU
		{6B948F59-7F3F-4712-AE4D-F0A4B82C79F3}.Debug|Any CPU.Build.0 = Debug|Any CPU
		{6B948F59-7F3F-4712-AE4D-F0A4B82C79F3}.Release|Any CPU.ActiveCfg = Release|Any CPU
		{6B948F59-7F3F-4712-AE4D-F0A4B82C79F3}.Release|Any CPU.Build.0 = Release|Any CPU
		{AED0894E-64AC-4ED0-B7CD-F2D560A0F608}.Debug|Any CPU.ActiveCfg = Debug|Any CPU
		{AED0894E-64AC-4ED0-B7CD-F2D560A0F608}.Debug|Any CPU.Build.0 = Debug|Any CPU
		{AED0894E-64AC-4ED0-B7CD-F2D560A0F608}.Release|Any CPU.ActiveCfg = Release|Any CPU
		{AED0894E-64AC-4ED0-B7CD-F2D560A0F608}.Release|Any CPU.Build.0 = Release|Any CPU
		{C0A38AEC-E4BF-4586-968A-321EA06EA4E2}.Debug|Any CPU.ActiveCfg = Debug|Any CPU
		{C0A38AEC-E4BF-4586-968A-321EA06EA4E2}.Debug|Any CPU.Build.0 = Debug|Any CPU
		{C0A38AEC-E4BF-4586-968A-321EA06EA4E2}.Release|Any CPU.ActiveCfg = Release|Any CPU
		{C0A38AEC-E4BF-4586-968A-321EA06EA4E2}.Release|Any CPU.Build.0 = Release|Any CPU
		{1E4989F1-AE0E-452D-9373-7F1FC919F8AC}.Debug|Any CPU.ActiveCfg = Debug|Any CPU
		{1E4989F1-AE0E-452D-9373-7F1FC919F8AC}.Debug|Any CPU.Build.0 = Debug|Any CPU
		{1E4989F1-AE0E-452D-9373-7F1FC919F8AC}.Release|Any CPU.ActiveCfg = Release|Any CPU
		{1E4989F1-AE0E-452D-9373-7F1FC919F8AC}.Release|Any CPU.Build.0 = Release|Any CPU
		{4542BE99-FF1B-47A8-BD0D-67E2F92306A0}.Debug|Any CPU.ActiveCfg = Debug|Any CPU
		{4542BE99-FF1B-47A8-BD0D-67E2F92306A0}.Debug|Any CPU.Build.0 = Debug|Any CPU
		{4542BE99-FF1B-47A8-BD0D-67E2F92306A0}.Release|Any CPU.ActiveCfg = Release|Any CPU
		{4542BE99-FF1B-47A8-BD0D-67E2F92306A0}.Release|Any CPU.Build.0 = Release|Any CPU
		{3537A813-1DA1-4C7D-B64F-A6B075DF1999}.Debug|Any CPU.ActiveCfg = Debug|Any CPU
		{3537A813-1DA1-4C7D-B64F-A6B075DF1999}.Debug|Any CPU.Build.0 = Debug|Any CPU
		{3537A813-1DA1-4C7D-B64F-A6B075DF1999}.Release|Any CPU.ActiveCfg = Release|Any CPU
		{3537A813-1DA1-4C7D-B64F-A6B075DF1999}.Release|Any CPU.Build.0 = Release|Any CPU
	EndGlobalSection
	GlobalSection(SolutionProperties) = preSolution
		HideSolutionNode = FALSE
	EndGlobalSection
	GlobalSection(NestedProjects) = preSolution
		{A1976669-35D6-4C95-8357-87B33365C246} = {FEEBB97F-392A-44E4-8237-B7F07298C0AC}
		{DD726FC7-68D9-435E-A57B-18243591C41F} = {5C0692CB-1784-414A-94BE-9090B3617210}
		{5A15927F-A885-47D7-950F-33CA23DED3A3} = {66779AFA-D222-413D-A0A1-3F2A9877A09D}
		{89C9157F-B6DD-423C-A56E-51F48CF70B03} = {DD726FC7-68D9-435E-A57B-18243591C41F}
		{6B948F59-7F3F-4712-AE4D-F0A4B82C79F3} = {B91B9280-291B-45D1-8BB1-8EA9E1DD3435}
		{AED0894E-64AC-4ED0-B7CD-F2D560A0F608} = {B91B9280-291B-45D1-8BB1-8EA9E1DD3435}
		{C0A38AEC-E4BF-4586-968A-321EA06EA4E2} = {A1976669-35D6-4C95-8357-87B33365C246}
		{1E4989F1-AE0E-452D-9373-7F1FC919F8AC} = {858A7639-06C4-47BB-ADF1-2D85AEB9BD7C}
		{4542BE99-FF1B-47A8-BD0D-67E2F92306A0} = {D809F05A-3D7D-436B-9685-DE6B246B8F37}
		{3537A813-1DA1-4C7D-B64F-A6B075DF1999} = {66779AFA-D222-413D-A0A1-3F2A9877A09D}
	EndGlobalSection
	GlobalSection(ExtensibilityGlobals) = postSolution
		SolutionGuid = {7940359A-B173-4115-B134-8185E1D63FCB}
	EndGlobalSection
EndGlobal
